
Microsoft Visual Studio Solution File, Format Version 12.00
# Visual Studio Version 17
VisualStudioVersion = 17.0.31903.59
MinimumVisualStudioVersion = 10.0.40219.1
Project("{2150E333-8FDC-42A3-9474-1A3956D46DE8}") = "crud backend", "crud backend", "{8A3F2C62-267A-4B7B-9ECE-F649A37B5003}"
EndProject
Project("{FAE04EC0-301F-11D3-BF4B-00C04F79EFBC}") = "StoreApi", "crud backend\StoreApi\StoreApi.csproj", "{9566F558-F0F4-4A31-AFFF-A6071A7BBCCE}"
EndProject
Global
	GlobalSection(SolutionConfigurationPlatforms) = preSolution
		Debug|Any CPU = Debug|Any CPU
		Release|Any CPU = Release|Any CPU
	EndGlobalSection
	GlobalSection(SolutionProperties) = preSolution
		HideSolutionNode = FALSE
	EndGlobalSection
	GlobalSection(ProjectConfigurationPlatforms) = postSolution
		{9566F558-F0F4-4A31-AFFF-A6071A7BBCCE}.Debug|Any CPU.ActiveCfg = Debug|Any CPU
		{9566F558-F0F4-4A31-AFFF-A6071A7BBCCE}.Debug|Any CPU.Build.0 = Debug|Any CPU
		{9566F558-F0F4-4A31-AFFF-A6071A7BBCCE}.Release|Any CPU.ActiveCfg = Release|Any CPU
		{9566F558-F0F4-4A31-AFFF-A6071A7BBCCE}.Release|Any CPU.Build.0 = Release|Any CPU
	EndGlobalSection
	GlobalSection(NestedProjects) = preSolution
		{9566F558-F0F4-4A31-AFFF-A6071A7BBCCE} = {8A3F2C62-267A-4B7B-9ECE-F649A37B5003}
	EndGlobalSection
EndGlobal
